
Microsoft Visual Studio Solution File, Format Version 12.00
# Visual Studio 15
VisualStudioVersion = 15.0.27130.2024
MinimumVisualStudioVersion = 10.0.40219.1
Project("{FAE04EC0-301F-11D3-BF4B-00C04F79EFBC}") = "ConfigSampleWebApp", "ConfigSampleWebApp\ConfigSampleWebApp.csproj", "{4A431F0D-202A-4E18-81B7-AD26FB33CEC9}"
EndProject
Global
	GlobalSection(SolutionConfigurationPlatforms) = preSolution
		Debug|Any CPU = Debug|Any CPU
		Release|Any CPU = Release|Any CPU
	EndGlobalSection
	GlobalSection(ProjectConfigurationPlatforms) = postSolution
		{4A431F0D-202A-4E18-81B7-AD26FB33CEC9}.Debug|Any CPU.ActiveCfg = Debug|Any CPU
		{4A431F0D-202A-4E18-81B7-AD26FB33CEC9}.Debug|Any CPU.Build.0 = Debug|Any CPU
		{4A431F0D-202A-4E18-81B7-AD26FB33CEC9}.Release|Any CPU.ActiveCfg = Release|Any CPU
		{4A431F0D-202A-4E18-81B7-AD26FB33CEC9}.Release|Any CPU.Build.0 = Release|Any CPU
	EndGlobalSection
	GlobalSection(SolutionProperties) = preSolution
		HideSolutionNode = FALSE
	EndGlobalSection
	GlobalSection(ExtensibilityGlobals) = postSolution
		SolutionGuid = {711977E1-D263-4EA9-92B4-49E597FB1797}
	EndGlobalSection
EndGlobal
